lockfileVersion: '6.0'

settings:
  autoInstallPeers: true
  excludeLinksFromLockfile: false

dependencies:
  marked:
    specifier: ^4.2.12
    version: 4.2.12
  yaml:
    specifier: ^2.2.1
    version: 2.2.1

devDependencies:
  typescript:
    specifier: ^4.9.5
    version: 4.9.5

packages:

  /marked@4.2.12:
    resolution: {integrity: sha512-yr8hSKa3Fv4D3jdZmtMMPghgVt6TWbk86WQaWhDloQjRSQhMMYCAro7jP7VDJrjjdV8pxVxMssXS8B8Y5DZ5aw==}
    engines: {node: '>= 12'}
    hasBin: true
    dev: false

  /typescript@4.9.5:
    resolution: {integrity: sha512-1FXk9E2Hm+QzZQ7z+McJiHL4NW1F2EzMu9Nq9i3zAaGqibafqYwCVU6WyWAuyQRRzOlxou8xZSyXLEN8oKj24g==}
    engines: {node: '>=4.2.0'}
    hasBin: true
    dev: true

  /yaml@2.2.1:
    resolution: {integrity: sha512-e0WHiYql7+9wr4cWMx3TVQrNwejKaEe7/rHNmQmqRjazfOP5W8PB6Jpebb5o6fIapbz9o9+2ipcaTM2ZwDI6lw==}
    engines: {node: '>= 14'}
    dev: false
